github.com/hugomods/images v0.9.1 h1:+wUsdPf+v0bRXQHkcQRhIJukYQEx2sdu5I+jEB+Q174=
github.com/hugomods/images v0.9.1/go.mod h1:U6Gwj16LKvk66rOMyGFrnF6f0aV8lT89lqOsckOAjYY=
github.com/imfing/hextra v0.7.2 h1:BwReaobJ3DTEsobfVYLr2sa0fOTRFUrSxArbmL91yKo=
github.com/imfing/hextra v0.7.2/go.mod h1:cEfel3lU/bSx7lTE/+uuR4GJaphyOyiwNR3PTqFTXpI=
